
Microsoft Visual Studio Solution File, Format Version 12.00
Project("{FAE04EC0-301F-11D3-BF4B-00C04F79EFBC}") = "OTUS_CS_Professional_Homework_4", "OTUS_CS_Professional_Homework_4\OTUS_CS_Professional_Homework_4.csproj", "{D20EEDF5-60B3-4FE8-A0AE-8C5C604E8B0A}"
EndProject
Global
	GlobalSection(SolutionConfigurationPlatforms) = preSolution
		Debug|Any CPU = Debug|Any CPU
		Release|Any CPU = Release|Any CPU
	EndGlobalSection
	GlobalSection(ProjectConfigurationPlatforms) = postSolution
		{D20EEDF5-60B3-4FE8-A0AE-8C5C604E8B0A}.Debug|Any CPU.ActiveCfg = Debug|Any CPU
		{D20EEDF5-60B3-4FE8-A0AE-8C5C604E8B0A}.Debug|Any CPU.Build.0 = Debug|Any CPU
		{D20EEDF5-60B3-4FE8-A0AE-8C5C604E8B0A}.Release|Any CPU.ActiveCfg = Release|Any CPU
		{D20EEDF5-60B3-4FE8-A0AE-8C5C604E8B0A}.Release|Any CPU.Build.0 = Release|Any CPU
	EndGlobalSection
EndGlobal
